# THIS IS AN AUTOGENERATED FILE. DO NOT EDIT THIS FILE DIRECTLY.
# yarn lockfile v1


"@types/node@^11.13.4":
  version "11.15.12"
  resolved "https://registry.yarnpkg.com/@types/node/-/node-11.15.12.tgz#bf5d348c4d37c026029ad81e874946fa6ad100ba"
  integrity sha512-iefeBfpmhoYaZfj+gJM5z9H9eiTwhuzhPsJgH/flx4HP2SBI2FNDra1D3vKljqPLGDr9Cazvh9gP9Xszc30ncA==

"@types/prop-types@*":
  version "15.7.3"
  resolved "https://registry.yarnpkg.com/@types/prop-types/-/prop-types-15.7.3.tgz#2ab0d5da2e5815f94b0b9d4b95d1e5f243ab2ca7"
  integrity sha512-KfRL3PuHmqQLOG+2tGpRO26Ctg+Cq1E01D2DMriKEATHgWLfeNDmq9e29Q9WIky0dQ3NPkd1mzYH8Lm936Z9qw==

"@types/ramda@^0.26.21":
  version "0.26.44"
  resolved "https://registry.yarnpkg.com/@types/ramda/-/ramda-0.26.44.tgz#70bb06f5ae60809dc83a3d804505ee3123443738"
  integrity sha512-s0cj9rylWw+Ax/AnttCQzMrLZGq/OxAIZgrkRLK1QHJIF6Qabd0//acMCFM6+Xb8Bi8p8PkT2fqpaQveRju/kA==
  dependencies:
    ts-toolbelt "^6.3.3"

"@types/react@^16.8.13":
  version "16.9.34"
  resolved "https://registry.yarnpkg.com/@types/react/-/react-16.9.34.tgz#f7d5e331c468f53affed17a8a4d488cd44ea9349"
  integrity sha512-8AJlYMOfPe1KGLKyHpflCg5z46n0b5DbRfqDksxBLBTUpB75ypDBAO9eCUcjNwE6LCUslwTz00yyG/X9gaVtow==
  dependencies:
    "@types/prop-types" "*"
    csstype "^2.2.0"

"@vtex/tsconfig@^0.4.4":
  version "0.4.4"
  resolved "https://registry.yarnpkg.com/@vtex/tsconfig/-/tsconfig-0.4.4.tgz#03fd9a65aabe4820e57a9ef14a01fdda1fab26fd"
  integrity sha512-aja4GABSbOyAC02TBEHem9ONN01fmKJR70t1+PNCgHGrmSVaLcjjQ7HbU0hhoyp+q7MvRIZznM60tIlntTogNA==

csstype@^2.2.0:
  version "2.6.10"
  resolved "https://registry.yarnpkg.com/csstype/-/csstype-2.6.10.tgz#e63af50e66d7c266edb6b32909cfd0aabe03928b"
  integrity sha512-D34BqZU4cIlMCY93rZHbrq9pjTAQJ3U8S8rfBqjwHxkGPThWFjzZDQpgMJY0QViLxth6ZKYiwFBo14RdN44U/w==

ts-toolbelt@^6.3.3:
  version "6.5.1"
  resolved "https://registry.yarnpkg.com/ts-toolbelt/-/ts-toolbelt-6.5.1.tgz#1316b8c6522797c0bee289ca5deaa159af846231"
  integrity sha512-zjnZ/vy1eUA0li3H0JXecl0R3jiP42snpLimsrppt9V3LLbM4NM4jMgjXQ4S67hvehq+r9CxpX4Wj6RnFRzReA==

typescript@^3.8.3:
  version "3.8.3"
  resolved "https://registry.yarnpkg.com/typescript/-/typescript-3.8.3.tgz#409eb8544ea0335711205869ec458ab109ee1061"
  integrity sha512-MYlEfn5VrLNsgudQTVJeNaQFUAI7DkhnOjdpAp4T+ku1TfQClewlbSuTVHiA+8skNBgaf02TL/kLOvig4y3G8w==

"vtex.render-runtime@http://vtex.vteximg.com.br/_v/public/typings/v1/vtex.render-runtime@8.62.2/public/_types/react":
  version "8.62.2"
  resolved "http://vtex.vteximg.com.br/_v/public/typings/v1/vtex.render-runtime@8.62.2/public/_types/react#9449eec2e1744531e3a9827f48c86059963a190a"
